
Microsoft Visual Studio Solution File, Format Version 12.00
# Visual Studio Version 16
VisualStudioVersion = 16.0.32901.82
MinimumVisualStudioVersion = 10.0.40219.1
Project("{FAE04EC0-301F-11D3-BF4B-00C04F79EFBC}") = "EstudoMedico", "EstudoMedico.csproj", "{01F88F8E-0952-434F-B969-B4D890D44811}"
EndProject
Global
	GlobalSection(SolutionConfigurationPlatforms) = preSolution
		Debug|Any CPU = Debug|Any CPU
		Release|Any CPU = Release|Any CPU
	EndGlobalSection
	GlobalSection(ProjectConfigurationPlatforms) = postSolution
		{01F88F8E-0952-434F-B969-B4D890D44811}.Debug|Any CPU.ActiveCfg = Debug|Any CPU
		{01F88F8E-0952-434F-B969-B4D890D44811}.Debug|Any CPU.Build.0 = Debug|Any CPU
		{01F88F8E-0952-434F-B969-B4D890D44811}.Release|Any CPU.ActiveCfg = Release|Any CPU
		{01F88F8E-0952-434F-B969-B4D890D44811}.Release|Any CPU.Build.0 = Release|Any CPU
	EndGlobalSection
	GlobalSection(SolutionProperties) = preSolution
		HideSolutionNode = FALSE
	EndGlobalSection
	GlobalSection(ExtensibilityGlobals) = postSolution
		SolutionGuid = {C577DEE7-C13A-483E-A960-6756E8986868}
	EndGlobalSection
EndGlobal
